PODS:
  - Thorsignia_InternetCheck (0.1.1)

DEPENDENCIES:
  - Thorsignia_InternetCheck (= 0.1.1)

SPEC REPOS:
  trunk:
    - Thorsignia_InternetCheck

SPEC CHECKSUMS:
  Thorsignia_InternetCheck: b4813687241c177acb2938ebe4836835986059f9

PODFILE CHECKSUM: 3ced3c57d15032434b587675406c179fccaed873

COCOAPODS: 1.10.0
