// !$*UTF8*$!
{
	archiveVersion = 1;
	classes = {
	};
	objectVersion = 50;
	objects = {

/* Begin PBXBuildFile section */
		59C4C0F7E6C87335591E38A5 /* Pods_ExampleProj.framework in Frameworks */ = {isa = PBXBuildFile; fileRef = BEA137269D290C52CDBC5565 /* Pods_ExampleProj.framework */; };
		8444986E260A0B150017842A /* AppDelegate.swift in Sources */ = {isa = PBXBuildFile; fileRef = 8444986D260A0B150017842A /* AppDelegate.swift */; };
		84449870260A0B150017842A /* SceneDelegate.swift in Sources */ = {isa = PBXBuildFile; fileRef = 8444986F260A0B150017842A /* SceneDelegate.swift */; };
		84449872260A0B150017842A /* ViewController.swift in Sources */ = {isa = PBXBuildFile; fileRef = 84449871260A0B150017842A /* ViewController.swift */; };
		84449875260A0B150017842A /* Main.storyboard in Resources */ = {isa = PBXBuildFile; fileRef = 84449873260A0B150017842A /* Main.storyboard */; };
		84449877260A0B170017842A /* Assets.xcassets in Resources */ = {isa = PBXBuildFile; fileRef = 84449876260A0B170017842A /* Assets.xcassets */; };
		8444987A260A0B170017842A /* LaunchScreen.storyboard in Resources */ = {isa = PBXBuildFile; fileRef = 84449878260A0B170017842A /* LaunchScreen.storyboard */; };
/* End PBXBuildFile section */

/* Begin PBXFileReference section */
		1ACCFB68E36FBB10C194D5E1 /* Pods-ExampleProj.release.xcconfig */ = {isa = PBXFileReference; includeInIndex = 1; lastKnownFileType = text.xcconfig; name = "Pods-ExampleProj.release.xcconfig"; path = "Target Support Files/Pods-ExampleProj/Pods-ExampleProj.release.xcconfig"; sourceTree = "<group>"; };
		8444986A260A0B150017842A /* ExampleProj.app */ = {isa = PBXFileReference; explicitFileType = wrapper.application; includeInIndex = 0; path = ExampleProj.app; sourceTree = BUILT_PRODUCTS_DIR; };
		8444986D260A0B150017842A /* AppDelegate.swift */ = {isa = PBXFileReference; lastKnownFileType = sourcecode.swift; path = AppDelegate.swift; sourceTree = "<group>"; };
		8444986F260A0B150017842A /* SceneDelegate.swift */ = {isa = PBXFileReference; lastKnownFileType = sourcecode.swift; path = SceneDelegate.swift; sourceTree = "<group>"; };
		84449871260A0B150017842A /* ViewController.swift */ = {isa = PBXFileReference; lastKnownFileType = sourcecode.swift; path = ViewController.swift; sourceTree = "<group>"; };
		84449874260A0B150017842A /* Base */ = {isa = PBXFileReference; lastKnownFileType = file.storyboard; name = Base; path = Base.lproj/Main.storyboard; sourceTree = "<group>"; };
		84449876260A0B170017842A /* Assets.xcassets */ = {isa = PBXFileReference; lastKnownFileType = folder.assetcatalog; path = Assets.xcassets; sourceTree = "<group>"; };
		84449879260A0B170017842A /* Base */ = {isa = PBXFileReference; lastKnownFileType = file.storyboard; name = Base; path = Base.lproj/LaunchScreen.storyboard; sourceTree = "<group>"; };
		8444987B260A0B170017842A /* Info.plist */ = {isa = PBXFileReference; lastKnownFileType = text.plist.xml; path = Info.plist; sourceTree = "<group>"; };
		8D25FFEB56E7C64047D60E6E /* Pods-ExampleProj.debug.xcconfig */ = {isa = PBXFileReference; includeInIndex = 1; lastKnownFileType = text.xcconfig; name = "Pods-ExampleProj.debug.xcconfig"; path = "Target Support Files/Pods-ExampleProj/Pods-ExampleProj.debug.xcconfig"; sourceTree = "<group>"; };
		BEA137269D290C52CDBC5565 /* Pods_ExampleProj.framework */ = {isa = PBXFileReference; explicitFileType = wrapper.framework; includeInIndex = 0; path = Pods_ExampleProj.framework; sourceTree = BUILT_PRODUCTS_DIR; };
/* End PBXFileReference section */

/* Begin PBXFrameworksBuildPhase section */
		84449867260A0B150017842A /* Frameworks */ = {
			isa = PBXFrameworksBuildPhase;
			buildActionMask = 2147483647;
			files = (
				59C4C0F7E6C87335591E38A5 /* Pods_ExampleProj.framework in Frameworks */,
			);
			runOnlyForDeploymentPostprocessing = 0;
		};
/* End PBXFrameworksBuildPhase section */

/* Begin PBXGroup section */
		84449861260A0B150017842A = {
			isa = PBXGroup;
			children = (
				8444986C260A0B150017842A /* ExampleProj */,
				8444986B260A0B150017842A /* Products */,
				A38EA59CF9BE42A2AF7C7E63 /* Pods */,
				ABCB6006DA71D7759EB0C966 /* Frameworks */,
			);
			sourceTree = "<group>";
		};
		8444986B260A0B150017842A /* Products */ = {
			isa = PBXGroup;
			children = (
				8444986A260A0B150017842A /* ExampleProj.app */,
			);
			name = Products;
			sourceTree = "<group>";
		};
		8444986C260A0B150017842A /* ExampleProj */ = {
			isa = PBXGroup;
			children = (
				8444986D260A0B150017842A /* AppDelegate.swift */,
				8444986F260A0B150017842A /* SceneDelegate.swift */,
				84449871260A0B150017842A /* ViewController.swift */,
				84449873260A0B150017842A /* Main.storyboard */,
				84449876260A0B170017842A /* Assets.xcassets */,
				84449878260A0B170017842A /* LaunchScreen.storyboard */,
				8444987B260A0B170017842A /* Info.plist */,
			);
			path = ExampleProj;
			sourceTree = "<group>";
		};
		A38EA59CF9BE42A2AF7C7E63 /* Pods */ = {
			isa = PBXGroup;
			children = (
				8D25FFEB56E7C64047D60E6E /* Pods-ExampleProj.debug.xcconfig */,
				1ACCFB68E36FBB10C194D5E1 /* Pods-ExampleProj.release.xcconfig */,
			);
			name = Pods;
			path = Pods;
			sourceTree = "<group>";
		};
		ABCB6006DA71D7759EB0C966 /* Frameworks */ = {
			isa = PBXGroup;
			children = (
				BEA137269D290C52CDBC5565 /* Pods_ExampleProj.framework */,
			);
			name = Frameworks;
			sourceTree = "<group>";
		};
/* End PBXGroup section */

/* Begin PBXNativeTarget section */
		84449869260A0B150017842A /* ExampleProj */ = {
			isa = PBXNativeTarget;
			buildConfigurationList = 8444987E260A0B170017842A /* Build configuration list for PBXNativeTarget "ExampleProj" */;
			buildPhases = (
				5453385AEF143D23B11DE76E /* [CP] Check Pods Manifest.lock */,
				84449866260A0B150017842A /* Sources */,
				84449867260A0B150017842A /* Frameworks */,
				84449868260A0B150017842A /* Resources */,
				1AFD5090AFA7973EE6337C1A /* [CP] Embed Pods Frameworks */,
			);
			buildRules = (
			);
			dependencies = (
			);
			name = ExampleProj;
			productName = ExampleProj;
			productReference = 8444986A260A0B150017842A /* ExampleProj.app */;
			productType = "com.apple.product-type.application";
		};
/* End PBXNativeTarget section */

/* Begin PBXProject section */
		84449862260A0B150017842A /* Project object */ = {
			isa = PBXProject;
			attributes = {
				LastSwiftUpdateCheck = 1240;
				LastUpgradeCheck = 1240;
				TargetAttributes = {
					84449869260A0B150017842A = {
						CreatedOnToolsVersion = 12.4;
					};
				};
			};
			buildConfigurationList = 84449865260A0B150017842A /* Build configuration list for PBXProject "ExampleProj" */;
			compatibilityVersion = "Xcode 9.3";
			developmentRegion = en;
			hasScannedForEncodings = 0;
			knownRegions = (
				en,
				Base,
			);
			mainGroup = 84449861260A0B150017842A;
			productRefGroup = 8444986B260A0B150017842A /* Products */;
			projectDirPath = "";
			projectRoot = "";
			targets = (
				84449869260A0B150017842A /* ExampleProj */,
			);
		};
/* End PBXProject section */

/* Begin PBXResourcesBuildPhase section */
		84449868260A0B150017842A /* Resources */ = {
			isa = PBXResourcesBuildPhase;
			buildActionMask = 2147483647;
			files = (
				8444987A260A0B170017842A /* LaunchScreen.storyboard in Resources */,
				84449877260A0B170017842A /* Assets.xcassets in Resources */,
				84449875260A0B150017842A /* Main.storyboard in Resources */,
			);
			runOnlyForDeploymentPostprocessing = 0;
		};
/* End PBXResourcesBuildPhase section */

/* Begin PBXShellScriptBuildPhase section */
		1AFD5090AFA7973EE6337C1A /* [CP] Embed Pods Frameworks */ = {
			isa = PBXShellScriptBuildPhase;
			buildActionMask = 2147483647;
			files = (
			);
			inputFileListPaths = (
				"${PODS_ROOT}/Target Support Files/Pods-ExampleProj/Pods-ExampleProj-frameworks-${CONFIGURATION}-input-files.xcfilelist",
			);
			name = "[CP] Embed Pods Frameworks";
			outputFileListPaths = (
				"${PODS_ROOT}/Target Support Files/Pods-ExampleProj/Pods-ExampleProj-frameworks-${CONFIGURATION}-output-files.xcfilelist",
			);
			runOnlyForDeploymentPostprocessing = 0;
			shellPath = /bin/sh;
			shellScript = "\"${PODS_ROOT}/Target Support Files/Pods-ExampleProj/Pods-ExampleProj-frameworks.sh\"\n";
			showEnvVarsInLog = 0;
		};
		5453385AEF143D23B11DE76E /* [CP] Check Pods Manifest.lock */ = {
			isa = PBXShellScriptBuildPhase;
			buildActionMask = 2147483647;
			files = (
			);
			inputFileListPaths = (
			);
			inputPaths = (
				"${PODS_PODFILE_DIR_PATH}/Podfile.lock",
				"${PODS_ROOT}/Manifest.lock",
			);
			name = "[CP] Check Pods Manifest.lock";
			outputFileListPaths = (
			);
			outputPaths = (
				"$(DERIVED_FILE_DIR)/Pods-ExampleProj-checkManifestLockResult.txt",
			);
			runOnlyForDeploymentPostprocessing = 0;
			shellPath = /bin/sh;
			shellScript = "diff \"${PODS_PODFILE_DIR_PATH}/Podfile.lock\" \"${PODS_ROOT}/Manifest.lock\" > /dev/null\nif [ $? != 0 ] ; then\n    # print error to STDERR\n    echo \"error: The sandbox is not in sync with the Podfile.lock. Run 'pod install' or update your CocoaPods installation.\" >&2\n    exit 1\nfi\n# This output is used by Xcode 'outputs' to avoid re-running this script phase.\necho \"SUCCESS\" > \"${SCRIPT_OUTPUT_FILE_0}\"\n";
			showEnvVarsInLog = 0;
		};
/* End PBXShellScriptBuildPhase section */

/* Begin PBXSourcesBuildPhase section */
		84449866260A0B150017842A /* Sources */ = {
			isa = PBXSourcesBuildPhase;
			buildActionMask = 2147483647;
			files = (
				84449872260A0B150017842A /* ViewController.swift in Sources */,
				8444986E260A0B150017842A /* AppDelegate.swift in Sources */,
				84449870260A0B150017842A /* SceneDelegate.swift in Sources */,
			);
			runOnlyForDeploymentPostprocessing = 0;
		};
/* End PBXSourcesBuildPhase section */

/* Begin PBXVariantGroup section */
		84449873260A0B150017842A /* Main.storyboard */ = {
			isa = PBXVariantGroup;
			children = (
				84449874260A0B150017842A /* Base */,
			);
			name = Main.storyboard;
			sourceTree = "<group>";
		};
		84449878260A0B170017842A /* LaunchScreen.storyboard */ = {
			isa = PBXVariantGroup;
			children = (
				84449879260A0B170017842A /* Base */,
			);
			name = LaunchScreen.storyboard;
			sourceTree = "<group>";
		};
/* End PBXVariantGroup section */

/* Begin XCBuildConfiguration section */
		8444987C260A0B170017842A /* Debug */ = {
			isa = XCBuildConfiguration;
			buildSettings = {
				ALWAYS_SEARCH_USER_PATHS = NO;
				CLANG_ANALYZER_NONNULL = YES;
				CLANG_ANALYZER_NUMBER_OBJECT_CONVERSION = YES_AGGRESSIVE;
				CLANG_CXX_LANGUAGE_STANDARD = "gnu++14";
				CLANG_CXX_LIBRARY = "libc++";
				CLANG_ENABLE_MODULES = YES;
				CLANG_ENABLE_OBJC_ARC = YES;
				CLANG_ENABLE_OBJC_WEAK = YES;
				CLANG_WARN_BLOCK_CAPTURE_AUTORELEASING = YES;
				CLANG_WARN_BOOL_CONVERSION = YES;
				CLANG_WARN_COMMA = YES;
				CLANG_WARN_CONSTANT_CONVERSION = YES;
				CLANG_WARN_DEPRECATED_OBJC_IMPLEMENTATIONS = YES;
				CLANG_WARN_DIRECT_OBJC_ISA_USAGE = YES_ERROR;
				CLANG_WARN_DOCUMENTATION_COMMENTS = YES;
				CLANG_WARN_EMPTY_BODY = YES;
				CLANG_WARN_ENUM_CONVERSION = YES;
				CLANG_WARN_INFINITE_RECURSION = YES;
				CLANG_WARN_INT_CONVERSION = YES;
				CLANG_WARN_NON_LITERAL_NULL_CONVERSION = YES;
				CLANG_WARN_OBJC_IMPLICIT_RETAIN_SELF = YES;
				CLANG_WARN_OBJC_LITERAL_CONVERSION = YES;
				CLANG_WARN_OBJC_ROOT_CLASS = YES_ERROR;
				CLANG_WARN_QUOTED_INCLUDE_IN_FRAMEWORK_HEADER = YES;
				CLANG_WARN_RANGE_LOOP_ANALYSIS = YES;
				CLANG_WARN_STRICT_PROTOTYPES = YES;
				CLANG_WARN_SUSPICIOUS_MOVE = YES;
				CLANG_WARN_UNGUARDED_AVAILABILITY = YES_AGGRESSIVE;
				CLANG_WARN_UNREACHABLE_CODE = YES;
				CLANG_WARN__DUPLICATE_METHOD_MATCH = YES;
				COPY_PHASE_STRIP = NO;
				DEBUG_INFORMATION_FORMAT = dwarf;
				ENABLE_STRICT_OBJC_MSGSEND = YES;
				ENABLE_TESTABILITY = YES;
				GCC_C_LANGUAGE_STANDARD = gnu11;
				GCC_DYNAMIC_NO_PIC = NO;
				GCC_NO_COMMON_BLOCKS = YES;
				GCC_OPTIMIZATION_LEVEL = 0;
				GCC_PREPROCESSOR_DEFINITIONS = (
					"DEBUG=1",
					"$(inherited)",
				);
				GCC_WARN_64_TO_32_BIT_CONVERSION = YES;
				GCC_WARN_ABOUT_RETURN_TYPE = YES_ERROR;
				GCC_WARN_UNDECLARED_SELECTOR = YES;
				GCC_WARN_UNINITIALIZED_AUTOS = YES_AGGRESSIVE;
				GCC_WARN_UNUSED_FUNCTION = YES;
				GCC_WARN_UNUSED_VARIABLE = YES;
				IPHONEOS_DEPLOYMENT_TARGET = 14.4;
				MTL_ENABLE_DEBUG_INFO = INCLUDE_SOURCE;
				MTL_FAST_MATH = YES;
				ONLY_ACTIVE_ARCH = YES;
				SDKROOT = iphoneos;
				SWIFT_ACTIVE_COMPILATION_CONDITIONS = DEBUG;
				SWIFT_OPTIMIZATION_LEVEL = "-Onone";
			};
			name = Debug;
		};
		8444987D260A0B170017842A /* Release */ = {
			isa = XCBuildConfiguration;
			buildSettings = {
				ALWAYS_SEARCH_USER_PATHS = NO;
				CLANG_ANALYZER_NONNULL = YES;
				CLANG_ANALYZER_NUMBER_OBJECT_CONVERSION = YES_AGGRESSIVE;
				CLANG_CXX_LANGUAGE_STANDARD = "gnu++14";
				CLANG_CXX_LIBRARY = "libc++";
				CLANG_ENABLE_MODULES = YES;
				CLANG_ENABLE_OBJC_ARC = YES;
				CLANG_ENABLE_OBJC_WEAK = YES;
				CLANG_WARN_BLOCK_CAPTURE_AUTORELEASING = YES;
				CLANG_WARN_BOOL_CONVERSION = YES;
				CLANG_WARN_COMMA = YES;
				CLANG_WARN_CONSTANT_CONVERSION = YES;
				CLANG_WARN_DEPRECATED_OBJC_IMPLEMENTATIONS = YES;
				CLANG_WARN_DIRECT_OBJC_ISA_USAGE = YES_ERROR;
				CLANG_WARN_DOCUMENTATION_COMMENTS = YES;
				CLANG_WARN_EMPTY_BODY = YES;
				CLANG_WARN_ENUM_CONVERSION = YES;
				CLANG_WARN_INFINITE_RECURSION = YES;
				CLANG_WARN_INT_CONVERSION = YES;
				CLANG_WARN_NON_LITERAL_NULL_CONVERSION = YES;
				CLANG_WARN_OBJC_IMPLICIT_RETAIN_SELF = YES;
				CLANG_WARN_OBJC_LITERAL_CONVERSION = YES;
				CLANG_WARN_OBJC_ROOT_CLASS = YES_ERROR;
				CLANG_WARN_QUOTED_INCLUDE_IN_FRAMEWORK_HEADER = YES;
				CLANG_WARN_RANGE_LOOP_ANALYSIS = YES;
				CLANG_WARN_STRICT_PROTOTYPES = YES;
				CLANG_WARN_SUSPICIOUS_MOVE = YES;
				CLANG_WARN_UNGUARDED_AVAILABILITY = YES_AGGRESSIVE;
				CLANG_WARN_UNREACHABLE_CODE = YES;
				CLANG_WARN__DUPLICATE_METHOD_MATCH = YES;
				COPY_PHASE_STRIP = NO;
				DEBUG_INFORMATION_FORMAT = "dwarf-with-dsym";
				ENABLE_NS_ASSERTIONS = NO;
				ENABLE_STRICT_OBJC_MSGSEND = YES;
				GCC_C_LANGUAGE_STANDARD = gnu11;
				GCC_NO_COMMON_BLOCKS = YES;
				GCC_WARN_64_TO_32_BIT_CONVERSION = YES;
				GCC_WARN_ABOUT_RETURN_TYPE = YES_ERROR;
				GCC_WARN_UNDECLARED_SELECTOR = YES;
				GCC_WARN_UNINITIALIZED_AUTOS = YES_AGGRESSIVE;
				GCC_WARN_UNUSED_FUNCTION = YES;
				GCC_WARN_UNUSED_VARIABLE = YES;
				IPHONEOS_DEPLOYMENT_TARGET = 14.4;
				MTL_ENABLE_DEBUG_INFO = NO;
				MTL_FAST_MATH = YES;
				SDKROOT = iphoneos;
				SWIFT_COMPILATION_MODE = wholemodule;
				SWIFT_OPTIMIZATION_LEVEL = "-O";
				VALIDATE_PRODUCT = YES;
			};
			name = Release;
		};
		8444987F260A0B170017842A /* Debug */ = {
			isa = XCBuildConfiguration;
			baseConfigurationReference = 8D25FFEB56E7C64047D60E6E /* Pods-ExampleProj.debug.xcconfig */;
			buildSettings = {
				ASSETCATALOG_COMPILER_APPICON_NAME = AppIcon;
				ASSETCATALOG_COMPILER_GLOBAL_ACCENT_COLOR_NAME = AccentColor;
				CODE_SIGN_STYLE = Automatic;
				DEVELOPMENT_TEAM = 6Z76Y29529;
				INFOPLIST_FILE = ExampleProj/Info.plist;
				LD_RUNPATH_SEARCH_PATHS = (
					"$(inherited)",
					"@executable_path/Frameworks",
				);
				PRODUCT_BUNDLE_IDENTIFIER = com.Thorsignia.ExampleProj;
				PRODUCT_NAME = "$(TARGET_NAME)";
				SWIFT_VERSION = 5.0;
				TARGETED_DEVICE_FAMILY = "1,2";
			};
			name = Debug;
		};
		84449880260A0B170017842A /* Release */ = {
			isa = XCBuildConfiguration;
			baseConfigurationReference = 1ACCFB68E36FBB10C194D5E1 /* Pods-ExampleProj.release.xcconfig */;
			buildSettings = {
				ASSETCATALOG_COMPILER_APPICON_NAME = AppIcon;
				ASSETCATALOG_COMPILER_GLOBAL_ACCENT_COLOR_NAME = AccentColor;
				CODE_SIGN_STYLE = Automatic;
				DEVELOPMENT_TEAM = 6Z76Y29529;
				INFOPLIST_FILE = ExampleProj/Info.plist;
				LD_RUNPATH_SEARCH_PATHS = (
					"$(inherited)",
					"@executable_path/Frameworks",
				);
				PRODUCT_BUNDLE_IDENTIFIER = com.Thorsignia.ExampleProj;
				PRODUCT_NAME = "$(TARGET_NAME)";
				SWIFT_VERSION = 5.0;
				TARGETED_DEVICE_FAMILY = "1,2";
			};
			name = Release;
		};
/* End XCBuildConfiguration section */

/* Begin XCConfigurationList section */
		84449865260A0B150017842A /* Build configuration list for PBXProject "ExampleProj" */ = {
			isa = XCConfigurationList;
			buildConfigurations = (
				8444987C260A0B170017842A /* Debug */,
				8444987D260A0B170017842A /* Release */,
			);
			defaultConfigurationIsVisible = 0;
			defaultConfigurationName = Release;
		};
		8444987E260A0B170017842A /* Build configuration list for PBXNativeTarget "ExampleProj" */ = {
			isa = XCConfigurationList;
			buildConfigurations = (
				8444987F260A0B170017842A /* Debug */,
				84449880260A0B170017842A /* Release */,
			);
			defaultConfigurationIsVisible = 0;
			defaultConfigurationName = Release;
		};
/* End XCConfigurationList section */
	};
	rootObject = 84449862260A0B150017842A /* Project object */;
}
